
Microsoft Visual Studio Solution File, Format Version 12.00
Project("{2150E333-8FDC-42A3-9474-1A3956D46DE8}") = "src", "src", "{51429480-AE7E-4745-A59C-330D99279CD4}"
EndProject
Project("{2150E333-8FDC-42A3-9474-1A3956D46DE8}") = "Api", "Api", "{1E7C55F3-98BE-4C71-BBEF-E843D39E6745}"
EndProject
Project("{2150E333-8FDC-42A3-9474-1A3956D46DE8}") = "Core", "Core", "{1A55854A-1D12-48D8-BE0D-E3242E0FC096}"
EndProject
Project("{2150E333-8FDC-42A3-9474-1A3956D46DE8}") = "Infrastructure", "Infrastructure", "{CC6E088B-1AC2-4AE2-8E9C-1850059979E1}"
EndProject
Project("{2150E333-8FDC-42A3-9474-1A3956D46DE8}") = "WebApi", "WebApi", "{8FB72C35-FE01-427F-8838-F9FEB40B3968}"
EndProject
Project("{2150E333-8FDC-42A3-9474-1A3956D46DE8}") = "Clients", "Clients", "{20B6D00A-488E-4836-BB3A-E722A94AD953}"
EndProject
Project("{2150E333-8FDC-42A3-9474-1A3956D46DE8}") = "Common", "Common", "{DE775F89-2CBF-4C3F-AB29-AEF92D659853}"
EndProject
Project("{2150E333-8FDC-42A3-9474-1A3956D46DE8}") = "Projections", "Projections", "{4242EFB2-86E0-437E-ADB5-7FBD6AF5F250}"
EndProject
Project("{2150E333-8FDC-42A3-9474-1A3956D46DE8}") = "BlazorWeb", "BlazorWeb", "{E4965B79-BB38-4310-A902-F2D6006A65B7}"
EndProject
Project("{FAE04EC0-301F-11D3-BF4B-00C04F79EFBC}") = "WordWave.Api.Application", "src\Api\Core\WordWave.Api.Application\WordWave.Api.Application.csproj", "{FC098A80-9001-4E2B-9C3F-FF1EDBAFB54D}"
EndProject
Project("{FAE04EC0-301F-11D3-BF4B-00C04F79EFBC}") = "WordWave.Api.Domain", "src\Api\Core\WordWave.Api.Domain\WordWave.Api.Domain.csproj", "{233EB618-1C96-48D3-A25D-802691083DB3}"
EndProject
Project("{FAE04EC0-301F-11D3-BF4B-00C04F79EFBC}") = "WordWave.Api.Common", "src\Common\WordWave.Api.Common\WordWave.Api.Common.csproj", "{375F0C74-95BF-4FC7-BAF2-1D89C9883FB5}"
EndProject
Project("{FAE04EC0-301F-11D3-BF4B-00C04F79EFBC}") = "WordWave.Infrastructure.Persistence", "src\Api\Infrastructure\WordWave.Infrastructure.Persistence\WordWave.Infrastructure.Persistence.csproj", "{8457FEA1-B9E5-4E7D-AA61-4B922899B322}"
EndProject
Project("{FAE04EC0-301F-11D3-BF4B-00C04F79EFBC}") = "WordWave.Api.WebApi", "src\Api\WebApi\WordWave.Api.WebApi\WordWave.Api.WebApi.csproj", "{55FE673F-79F0-41F0-A3A6-E1C4B5B830B4}"
EndProject
Project("{FAE04EC0-301F-11D3-BF4B-00C04F79EFBC}") = "WordWave.Projections.FavoriteService", "src\Projections\WordWave.Projections.FavoriteService\WordWave.Projections.FavoriteService.csproj", "{0B8A9FDF-8A16-4C3D-8F2A-C93C650848E0}"
EndProject
Project("{FAE04EC0-301F-11D3-BF4B-00C04F79EFBC}") = "WordWave.Projections.User", "src\Projections\WordWave.Projections.User\WordWave.Projections.User.csproj", "{DEE2F42F-C875-4432-8E68-E0A6D7A7C925}"
EndProject
Project("{FAE04EC0-301F-11D3-BF4B-00C04F79EFBC}") = "WordWave.Projections.VoteService", "src\Projections\WordWave.Projections.VoteService\WordWave.Projections.VoteService.csproj", "{4E003C4B-6D89-4807-A697-D970C3EE2CCB}"
EndProject
Project("{FAE04EC0-301F-11D3-BF4B-00C04F79EFBC}") = "WordWave.Api.WebApp", "src\Clients\BlazorWeb\WordWave.Api.WebApp\WordWave.Api.WebApp.csproj", "{C80296FE-891A-42F8-B939-B1D98625EEF9}"
EndProject
Global
	GlobalSection(SolutionConfigurationPlatforms) = preSolution
		Debug|Any CPU = Debug|Any CPU
		Release|Any CPU = Release|Any CPU
	EndGlobalSection
	GlobalSection(NestedProjects) = preSolution
		{1E7C55F3-98BE-4C71-BBEF-E843D39E6745} = {51429480-AE7E-4745-A59C-330D99279CD4}
		{1A55854A-1D12-48D8-BE0D-E3242E0FC096} = {1E7C55F3-98BE-4C71-BBEF-E843D39E6745}
		{CC6E088B-1AC2-4AE2-8E9C-1850059979E1} = {1E7C55F3-98BE-4C71-BBEF-E843D39E6745}
		{8FB72C35-FE01-427F-8838-F9FEB40B3968} = {1E7C55F3-98BE-4C71-BBEF-E843D39E6745}
		{20B6D00A-488E-4836-BB3A-E722A94AD953} = {51429480-AE7E-4745-A59C-330D99279CD4}
		{DE775F89-2CBF-4C3F-AB29-AEF92D659853} = {51429480-AE7E-4745-A59C-330D99279CD4}
		{4242EFB2-86E0-437E-ADB5-7FBD6AF5F250} = {51429480-AE7E-4745-A59C-330D99279CD4}
		{E4965B79-BB38-4310-A902-F2D6006A65B7} = {20B6D00A-488E-4836-BB3A-E722A94AD953}
		{FC098A80-9001-4E2B-9C3F-FF1EDBAFB54D} = {1A55854A-1D12-48D8-BE0D-E3242E0FC096}
		{233EB618-1C96-48D3-A25D-802691083DB3} = {1A55854A-1D12-48D8-BE0D-E3242E0FC096}
		{375F0C74-95BF-4FC7-BAF2-1D89C9883FB5} = {DE775F89-2CBF-4C3F-AB29-AEF92D659853}
		{8457FEA1-B9E5-4E7D-AA61-4B922899B322} = {CC6E088B-1AC2-4AE2-8E9C-1850059979E1}
		{55FE673F-79F0-41F0-A3A6-E1C4B5B830B4} = {8FB72C35-FE01-427F-8838-F9FEB40B3968}
		{0B8A9FDF-8A16-4C3D-8F2A-C93C650848E0} = {4242EFB2-86E0-437E-ADB5-7FBD6AF5F250}
		{DEE2F42F-C875-4432-8E68-E0A6D7A7C925} = {4242EFB2-86E0-437E-ADB5-7FBD6AF5F250}
		{4E003C4B-6D89-4807-A697-D970C3EE2CCB} = {4242EFB2-86E0-437E-ADB5-7FBD6AF5F250}
		{C80296FE-891A-42F8-B939-B1D98625EEF9} = {E4965B79-BB38-4310-A902-F2D6006A65B7}
	EndGlobalSection
	GlobalSection(ProjectConfigurationPlatforms) = postSolution
		{FC098A80-9001-4E2B-9C3F-FF1EDBAFB54D}.Debug|Any CPU.ActiveCfg = Debug|Any CPU
		{FC098A80-9001-4E2B-9C3F-FF1EDBAFB54D}.Debug|Any CPU.Build.0 = Debug|Any CPU
		{FC098A80-9001-4E2B-9C3F-FF1EDBAFB54D}.Release|Any CPU.ActiveCfg = Release|Any CPU
		{FC098A80-9001-4E2B-9C3F-FF1EDBAFB54D}.Release|Any CPU.Build.0 = Release|Any CPU
		{233EB618-1C96-48D3-A25D-802691083DB3}.Debug|Any CPU.ActiveCfg = Debug|Any CPU
		{233EB618-1C96-48D3-A25D-802691083DB3}.Debug|Any CPU.Build.0 = Debug|Any CPU
		{233EB618-1C96-48D3-A25D-802691083DB3}.Release|Any CPU.ActiveCfg = Release|Any CPU
		{233EB618-1C96-48D3-A25D-802691083DB3}.Release|Any CPU.Build.0 = Release|Any CPU
		{375F0C74-95BF-4FC7-BAF2-1D89C9883FB5}.Debug|Any CPU.ActiveCfg = Debug|Any CPU
		{375F0C74-95BF-4FC7-BAF2-1D89C9883FB5}.Debug|Any CPU.Build.0 = Debug|Any CPU
		{375F0C74-95BF-4FC7-BAF2-1D89C9883FB5}.Release|Any CPU.ActiveCfg = Release|Any CPU
		{375F0C74-95BF-4FC7-BAF2-1D89C9883FB5}.Release|Any CPU.Build.0 = Release|Any CPU
		{8457FEA1-B9E5-4E7D-AA61-4B922899B322}.Debug|Any CPU.ActiveCfg = Debug|Any CPU
		{8457FEA1-B9E5-4E7D-AA61-4B922899B322}.Debug|Any CPU.Build.0 = Debug|Any CPU
		{8457FEA1-B9E5-4E7D-AA61-4B922899B322}.Release|Any CPU.ActiveCfg = Release|Any CPU
		{8457FEA1-B9E5-4E7D-AA61-4B922899B322}.Release|Any CPU.Build.0 = Release|Any CPU
		{55FE673F-79F0-41F0-A3A6-E1C4B5B830B4}.Debug|Any CPU.ActiveCfg = Debug|Any CPU
		{55FE673F-79F0-41F0-A3A6-E1C4B5B830B4}.Debug|Any CPU.Build.0 = Debug|Any CPU
		{55FE673F-79F0-41F0-A3A6-E1C4B5B830B4}.Release|Any CPU.ActiveCfg = Release|Any CPU
		{55FE673F-79F0-41F0-A3A6-E1C4B5B830B4}.Release|Any CPU.Build.0 = Release|Any CPU
		{0B8A9FDF-8A16-4C3D-8F2A-C93C650848E0}.Debug|Any CPU.ActiveCfg = Debug|Any CPU
		{0B8A9FDF-8A16-4C3D-8F2A-C93C650848E0}.Debug|Any CPU.Build.0 = Debug|Any CPU
		{0B8A9FDF-8A16-4C3D-8F2A-C93C650848E0}.Release|Any CPU.ActiveCfg = Release|Any CPU
		{0B8A9FDF-8A16-4C3D-8F2A-C93C650848E0}.Release|Any CPU.Build.0 = Release|Any CPU
		{DEE2F42F-C875-4432-8E68-E0A6D7A7C925}.Debug|Any CPU.ActiveCfg = Debug|Any CPU
		{DEE2F42F-C875-4432-8E68-E0A6D7A7C925}.Debug|Any CPU.Build.0 = Debug|Any CPU
		{DEE2F42F-C875-4432-8E68-E0A6D7A7C925}.Release|Any CPU.ActiveCfg = Release|Any CPU
		{DEE2F42F-C875-4432-8E68-E0A6D7A7C925}.Release|Any CPU.Build.0 = Release|Any CPU
		{4E003C4B-6D89-4807-A697-D970C3EE2CCB}.Debug|Any CPU.ActiveCfg = Debug|Any CPU
		{4E003C4B-6D89-4807-A697-D970C3EE2CCB}.Debug|Any CPU.Build.0 = Debug|Any CPU
		{4E003C4B-6D89-4807-A697-D970C3EE2CCB}.Release|Any CPU.ActiveCfg = Release|Any CPU
		{4E003C4B-6D89-4807-A697-D970C3EE2CCB}.Release|Any CPU.Build.0 = Release|Any CPU
		{C80296FE-891A-42F8-B939-B1D98625EEF9}.Debug|Any CPU.ActiveCfg = Debug|Any CPU
		{C80296FE-891A-42F8-B939-B1D98625EEF9}.Debug|Any CPU.Build.0 = Debug|Any CPU
		{C80296FE-891A-42F8-B939-B1D98625EEF9}.Release|Any CPU.ActiveCfg = Release|Any CPU
		{C80296FE-891A-42F8-B939-B1D98625EEF9}.Release|Any CPU.Build.0 = Release|Any CPU
	EndGlobalSection
EndGlobal
